
Microsoft Visual Studio Solution File, Format Version 12.00
# Visual Studio Version 16
VisualStudioVersion = 16.0.29709.97
MinimumVisualStudioVersion = 10.0.40219.1
Project("{9A19103F-16F7-4668-BE54-9A1E7A4F7556}") = "Proliminal.BlazorTools.CodeBlock", "ClassLibraries\CodeBlock\Code\Proliminal.BlazorTools.CodeBlock.csproj", "{E5B1D7B1-B489-47AA-85FD-854EFEEFD5C4}"
EndProject
Global
	GlobalSection(SolutionConfigurationPlatforms) = preSolution
		Debug|Any CPU = Debug|Any CPU
		Release|Any CPU = Release|Any CPU
	EndGlobalSection
	GlobalSection(ProjectConfigurationPlatforms) = postSolution
		{E5B1D7B1-B489-47AA-85FD-854EFEEFD5C4}.Debug|Any CPU.ActiveCfg = Debug|Any CPU
		{E5B1D7B1-B489-47AA-85FD-854EFEEFD5C4}.Debug|Any CPU.Build.0 = Debug|Any CPU
		{E5B1D7B1-B489-47AA-85FD-854EFEEFD5C4}.Release|Any CPU.ActiveCfg = Release|Any CPU
		{E5B1D7B1-B489-47AA-85FD-854EFEEFD5C4}.Release|Any CPU.Build.0 = Release|Any CPU
	EndGlobalSection
	GlobalSection(SolutionProperties) = preSolution
		HideSolutionNode = FALSE
	EndGlobalSection
	GlobalSection(ExtensibilityGlobals) = postSolution
		SolutionGuid = {0839DE95-0D8F-46DF-A5EB-B31B4F09F19F}
	EndGlobalSection
EndGlobal
